// !$*UTF8*$!
{
	archiveVersion = 1;
	classes = {
	};
	objectVersion = 50;
	objects = {

/* Begin PBXBuildFile section */
		2F388E442201C258001163AE /* Numberizer.swift in Sources */ = {isa = PBXBuildFile; fileRef = 2F388E432201C258001163AE /* Numberizer.swift */; };
		2F388E462201C492001163AE /* UISetter.swift in Sources */ = {isa = PBXBuildFile; fileRef = 2F388E452201C492001163AE /* UISetter.swift */; };
		2FE23D5D22008986003C9380 /* OCRAccuraiser.swift in Sources */ = {isa = PBXBuildFile; fileRef = 2FE23D5C22008986003C9380 /* OCRAccuraiser.swift */; };
		2FE81F192200481000933E1B /* AppDelegate.swift in Sources */ = {isa = PBXBuildFile; fileRef = 2FE81F182200481000933E1B /* AppDelegate.swift */; };
		2FE81F1B2200481000933E1B /* ViewController.swift in Sources */ = {isa = PBXBuildFile; fileRef = 2FE81F1A2200481000933E1B /* ViewController.swift */; };
		2FE81F1E2200481000933E1B /* Main.storyboard in Resources */ = {isa = PBXBuildFile; fileRef = 2FE81F1C2200481000933E1B /* Main.storyboard */; };
		2FE81F202200481100933E1B /* Assets.xcassets in Resources */ = {isa = PBXBuildFile; fileRef = 2FE81F1F2200481100933E1B /* Assets.xcassets */; };
		2FE81F232200481100933E1B /* LaunchScreen.storyboard in Resources */ = {isa = PBXBuildFile; fileRef = 2FE81F212200481100933E1B /* LaunchScreen.storyboard */; };
		2FE81F2D2200619200933E1B /* tessdata in Resources */ = {isa = PBXBuildFile; fileRef = 2FE81F2C2200619200933E1B /* tessdata */; };
		5AE3F3169DEDB4D49557FCC4 /* Pods_CardNumberScanner.framework in Frameworks */ = {isa = PBXBuildFile; fileRef = D8C290265D39A773129791CA /* Pods_CardNumberScanner.framework */; };
/* End PBXBuildFile section */

/* Begin PBXFileReference section */
		2F388E432201C258001163AE /* Numberizer.swift */ = {isa = PBXFileReference; lastKnownFileType = sourcecode.swift; path = Numberizer.swift; sourceTree = "<group>"; };
		2F388E452201C492001163AE /* UISetter.swift */ = {isa = PBXFileReference; lastKnownFileType = sourcecode.swift; path = UISetter.swift; sourceTree = "<group>"; };
		2FE23D5C22008986003C9380 /* OCRAccuraiser.swift */ = {isa = PBXFileReference; lastKnownFileType = sourcecode.swift; path = OCRAccuraiser.swift; sourceTree = "<group>"; };
		2FE81F152200480F00933E1B /* CardNumberScanner.app */ = {isa = PBXFileReference; explicitFileType = wrapper.application; includeInIndex = 0; path = CardNumberScanner.app; sourceTree = BUILT_PRODUCTS_DIR; };
		2FE81F182200481000933E1B /* AppDelegate.swift */ = {isa = PBXFileReference; lastKnownFileType = sourcecode.swift; path = AppDelegate.swift; sourceTree = "<group>"; };
		2FE81F1A2200481000933E1B /* ViewController.swift */ = {isa = PBXFileReference; lastKnownFileType = sourcecode.swift; path = ViewController.swift; sourceTree = "<group>"; };
		2FE81F1D2200481000933E1B /* Base */ = {isa = PBXFileReference; lastKnownFileType = file.storyboard; name = Base; path = Base.lproj/Main.storyboard; sourceTree = "<group>"; };
		2FE81F1F2200481100933E1B /* Assets.xcassets */ = {isa = PBXFileReference; lastKnownFileType = folder.assetcatalog; path = Assets.xcassets; sourceTree = "<group>"; };
		2FE81F222200481100933E1B /* Base */ = {isa = PBXFileReference; lastKnownFileType = file.storyboard; name = Base; path = Base.lproj/LaunchScreen.storyboard; sourceTree = "<group>"; };
		2FE81F242200481100933E1B /* Info.plist */ = {isa = PBXFileReference; lastKnownFileType = text.plist.xml; path = Info.plist; sourceTree = "<group>"; };
		2FE81F2C2200619200933E1B /* tessdata */ = {isa = PBXFileReference; lastKnownFileType = folder; path = tessdata; sourceTree = "<group>"; };
		5BA57F4E105B373E906A3821 /* Pods-CardNumberScanner.release.xcconfig */ = {isa = PBXFileReference; includeInIndex = 1; lastKnownFileType = text.xcconfig; name = "Pods-CardNumberScanner.release.xcconfig"; path = "Pods/Target Support Files/Pods-CardNumberScanner/Pods-CardNumberScanner.release.xcconfig"; sourceTree = "<group>"; };
		D8C290265D39A773129791CA /* Pods_CardNumberScanner.framework */ = {isa = PBXFileReference; explicitFileType = wrapper.framework; includeInIndex = 0; path = Pods_CardNumberScanner.framework; sourceTree = BUILT_PRODUCTS_DIR; };
		E830A2D86CD63956E2C4BE09 /* Pods-CardNumberScanner.debug.xcconfig */ = {isa = PBXFileReference; includeInIndex = 1; lastKnownFileType = text.xcconfig; name = "Pods-CardNumberScanner.debug.xcconfig"; path = "Pods/Target Support Files/Pods-CardNumberScanner/Pods-CardNumberScanner.debug.xcconfig"; sourceTree = "<group>"; };
/* End PBXFileReference section */

/* Begin PBXFrameworksBuildPhase section */
		2FE81F122200480F00933E1B /* Frameworks */ = {
			isa = PBXFrameworksBuildPhase;
			buildActionMask = 2147483647;
			files = (
				5AE3F3169DEDB4D49557FCC4 /* Pods_CardNumberScanner.framework in Frameworks */,
			);
			runOnlyForDeploymentPostprocessing = 0;
		};
/* End PBXFrameworksBuildPhase section */

/* Begin PBXGroup section */
		2FE81F0C2200480F00933E1B = {
			isa = PBXGroup;
			children = (
				2FE81F172200480F00933E1B /* CardNumberScanner */,
				2FE81F162200480F00933E1B /* Products */,
				FC0234420B09353764FD83EE /* Pods */,
				BD7B9907FED77191693306A7 /* Frameworks */,
			);
			sourceTree = "<group>";
		};
		2FE81F162200480F00933E1B /* Products */ = {
			isa = PBXGroup;
			children = (
				2FE81F152200480F00933E1B /* CardNumberScanner.app */,
			);
			name = Products;
			sourceTree = "<group>";
		};
		2FE81F172200480F00933E1B /* CardNumberScanner */ = {
			isa = PBXGroup;
			children = (
				2FE81F2C2200619200933E1B /* tessdata */,
				2FE81F182200481000933E1B /* AppDelegate.swift */,
				2FE81F1A2200481000933E1B /* ViewController.swift */,
				2FE23D5C22008986003C9380 /* OCRAccuraiser.swift */,
				2F388E432201C258001163AE /* Numberizer.swift */,
				2F388E452201C492001163AE /* UISetter.swift */,
				2FE81F1C2200481000933E1B /* Main.storyboard */,
				2FE81F1F2200481100933E1B /* Assets.xcassets */,
				2FE81F212200481100933E1B /* LaunchScreen.storyboard */,
				2FE81F242200481100933E1B /* Info.plist */,
			);
			path = CardNumberScanner;
			sourceTree = "<group>";
		};
		BD7B9907FED77191693306A7 /* Frameworks */ = {
			isa = PBXGroup;
			children = (
				D8C290265D39A773129791CA /* Pods_CardNumberScanner.framework */,
			);
			name = Frameworks;
			sourceTree = "<group>";
		};
		FC0234420B09353764FD83EE /* Pods */ = {
			isa = PBXGroup;
			children = (
				E830A2D86CD63956E2C4BE09 /* Pods-CardNumberScanner.debug.xcconfig */,
				5BA57F4E105B373E906A3821 /* Pods-CardNumberScanner.release.xcconfig */,
			);
			name = Pods;
			sourceTree = "<group>";
		};
/* End PBXGroup section */

/* Begin PBXNativeTarget section */
		2FE81F142200480F00933E1B /* CardNumberScanner */ = {
			isa = PBXNativeTarget;
			buildConfigurationList = 2FE81F272200481100933E1B /* Build configuration list for PBXNativeTarget "CardNumberScanner" */;
			buildPhases = (
				8C58019A102FE8988FFC0EA5 /* [CP] Check Pods Manifest.lock */,
				2FE81F112200480F00933E1B /* Sources */,
				2FE81F122200480F00933E1B /* Frameworks */,
				2FE81F132200480F00933E1B /* Resources */,
				1039E4D53F34F531C53AC6A2 /* [CP] Embed Pods Frameworks */,
			);
			buildRules = (
			);
			dependencies = (
			);
			name = CardNumberScanner;
			productName = CardNumberScanner;
			productReference = 2FE81F152200480F00933E1B /* CardNumberScanner.app */;
			productType = "com.apple.product-type.application";
		};
/* End PBXNativeTarget section */

/* Begin PBXProject section */
		2FE81F0D2200480F00933E1B /* Project object */ = {
			isa = PBXProject;
			attributes = {
				LastSwiftUpdateCheck = 1010;
				LastUpgradeCheck = 1010;
				ORGANIZATIONNAME = "Sahand Raeisi";
				TargetAttributes = {
					2FE81F142200480F00933E1B = {
						CreatedOnToolsVersion = 10.1;
					};
				};
			};
			buildConfigurationList = 2FE81F102200480F00933E1B /* Build configuration list for PBXProject "CardNumberScanner" */;
			compatibilityVersion = "Xcode 9.3";
			developmentRegion = en;
			hasScannedForEncodings = 0;
			knownRegions = (
				en,
				Base,
			);
			mainGroup = 2FE81F0C2200480F00933E1B;
			productRefGroup = 2FE81F162200480F00933E1B /* Products */;
			projectDirPath = "";
			projectRoot = "";
			targets = (
				2FE81F142200480F00933E1B /* CardNumberScanner */,
			);
		};
/* End PBXProject section */

/* Begin PBXResourcesBuildPhase section */
		2FE81F132200480F00933E1B /* Resources */ = {
			isa = PBXResourcesBuildPhase;
			buildActionMask = 2147483647;
			files = (
				2FE81F232200481100933E1B /* LaunchScreen.storyboard in Resources */,
				2FE81F2D2200619200933E1B /* tessdata in Resources */,
				2FE81F202200481100933E1B /* Assets.xcassets in Resources */,
				2FE81F1E2200481000933E1B /* Main.storyboard in Resources */,
			);
			runOnlyForDeploymentPostprocessing = 0;
		};
/* End PBXResourcesBuildPhase section */

/* Begin PBXShellScriptBuildPhase section */
		1039E4D53F34F531C53AC6A2 /* [CP] Embed Pods Frameworks */ = {
			isa = PBXShellScriptBuildPhase;
			buildActionMask = 2147483647;
			files = (
			);
			inputFileListPaths = (
			);
			inputPaths = (
				"${SRCROOT}/Pods/Target Support Files/Pods-CardNumberScanner/Pods-CardNumberScanner-frameworks.sh",
				"${BUILT_PRODUCTS_DIR}/SHNDStuffs/SHNDStuffs.framework",
				"${BUILT_PRODUCTS_DIR}/SwiftyTesseract/SwiftyTesseract.framework",
				"${BUILT_PRODUCTS_DIR}/SwiftyTesseractRTE/SwiftyTesseractRTE.framework",
			);
			name = "[CP] Embed Pods Frameworks";
			outputFileListPaths = (
			);
			outputPaths = (
				"${TARGET_BUILD_DIR}/${FRAMEWORKS_FOLDER_PATH}/SHNDStuffs.framework",
				"${TARGET_BUILD_DIR}/${FRAMEWORKS_FOLDER_PATH}/SwiftyTesseract.framework",
				"${TARGET_BUILD_DIR}/${FRAMEWORKS_FOLDER_PATH}/SwiftyTesseractRTE.framework",
			);
			runOnlyForDeploymentPostprocessing = 0;
			shellPath = /bin/sh;
			shellScript = "\"${SRCROOT}/Pods/Target Support Files/Pods-CardNumberScanner/Pods-CardNumberScanner-frameworks.sh\"\n";
			showEnvVarsInLog = 0;
		};
		8C58019A102FE8988FFC0EA5 /* [CP] Check Pods Manifest.lock */ = {
			isa = PBXShellScriptBuildPhase;
			buildActionMask = 2147483647;
			files = (
			);
			inputFileListPaths = (
			);
			inputPaths = (
				"${PODS_PODFILE_DIR_PATH}/Podfile.lock",
				"${PODS_ROOT}/Manifest.lock",
			);
			name = "[CP] Check Pods Manifest.lock";
			outputFileListPaths = (
			);
			outputPaths = (
				"$(DERIVED_FILE_DIR)/Pods-CardNumberScanner-checkManifestLockResult.txt",
			);
			runOnlyForDeploymentPostprocessing = 0;
			shellPath = /bin/sh;
			shellScript = "diff \"${PODS_PODFILE_DIR_PATH}/Podfile.lock\" \"${PODS_ROOT}/Manifest.lock\" > /dev/null\nif [ $? != 0 ] ; then\n    # print error to STDERR\n    echo \"error: The sandbox is not in sync with the Podfile.lock. Run 'pod install' or update your CocoaPods installation.\" >&2\n    exit 1\nfi\n# This output is used by Xcode 'outputs' to avoid re-running this script phase.\necho \"SUCCESS\" > \"${SCRIPT_OUTPUT_FILE_0}\"\n";
			showEnvVarsInLog = 0;
		};
/* End PBXShellScriptBuildPhase section */

/* Begin PBXSourcesBuildPhase section */
		2FE81F112200480F00933E1B /* Sources */ = {
			isa = PBXSourcesBuildPhase;
			buildActionMask = 2147483647;
			files = (
				2FE23D5D22008986003C9380 /* OCRAccuraiser.swift in Sources */,
				2FE81F1B2200481000933E1B /* ViewController.swift in Sources */,
				2F388E442201C258001163AE /* Numberizer.swift in Sources */,
				2F388E462201C492001163AE /* UISetter.swift in Sources */,
				2FE81F192200481000933E1B /* AppDelegate.swift in Sources */,
			);
			runOnlyForDeploymentPostprocessing = 0;
		};
/* End PBXSourcesBuildPhase section */

/* Begin PBXVariantGroup section */
		2FE81F1C2200481000933E1B /* Main.storyboard */ = {
			isa = PBXVariantGroup;
			children = (
				2FE81F1D2200481000933E1B /* Base */,
			);
			name = Main.storyboard;
			sourceTree = "<group>";
		};
		2FE81F212200481100933E1B /* LaunchScreen.storyboard */ = {
			isa = PBXVariantGroup;
			children = (
				2FE81F222200481100933E1B /* Base */,
			);
			name = LaunchScreen.storyboard;
			sourceTree = "<group>";
		};
/* End PBXVariantGroup section */

/* Begin XCBuildConfiguration section */
		2FE81F252200481100933E1B /* Debug */ = {
			isa = XCBuildConfiguration;
			buildSettings = {
				ALWAYS_SEARCH_USER_PATHS = NO;
				CLANG_ANALYZER_NONNULL = YES;
				CLANG_ANALYZER_NUMBER_OBJECT_CONVERSION = YES_AGGRESSIVE;
				CLANG_CXX_LANGUAGE_STANDARD = "gnu++14";
				CLANG_CXX_LIBRARY = "libc++";
				CLANG_ENABLE_MODULES = YES;
				CLANG_ENABLE_OBJC_ARC = YES;
				CLANG_ENABLE_OBJC_WEAK = YES;
				CLANG_WARN_BLOCK_CAPTURE_AUTORELEASING = YES;
				CLANG_WARN_BOOL_CONVERSION = YES;
				CLANG_WARN_COMMA = YES;
				CLANG_WARN_CONSTANT_CONVERSION = YES;
				CLANG_WARN_DEPRECATED_OBJC_IMPLEMENTATIONS = YES;
				CLANG_WARN_DIRECT_OBJC_ISA_USAGE = YES_ERROR;
				CLANG_WARN_DOCUMENTATION_COMMENTS = YES;
				CLANG_WARN_EMPTY_BODY = YES;
				CLANG_WARN_ENUM_CONVERSION = YES;
				CLANG_WARN_INFINITE_RECURSION = YES;
				CLANG_WARN_INT_CONVERSION = YES;
				CLANG_WARN_NON_LITERAL_NULL_CONVERSION = YES;
				CLANG_WARN_OBJC_IMPLICIT_RETAIN_SELF = YES;
				CLANG_WARN_OBJC_LITERAL_CONVERSION = YES;
				CLANG_WARN_OBJC_ROOT_CLASS = YES_ERROR;
				CLANG_WARN_RANGE_LOOP_ANALYSIS = YES;
				CLANG_WARN_STRICT_PROTOTYPES = YES;
				CLANG_WARN_SUSPICIOUS_MOVE = YES;
				CLANG_WARN_UNGUARDED_AVAILABILITY = YES_AGGRESSIVE;
				CLANG_WARN_UNREACHABLE_CODE = YES;
				CLANG_WARN__DUPLICATE_METHOD_MATCH = YES;
				CODE_SIGN_IDENTITY = "iPhone Developer";
				COPY_PHASE_STRIP = NO;
				DEBUG_INFORMATION_FORMAT = dwarf;
				ENABLE_STRICT_OBJC_MSGSEND = YES;
				ENABLE_TESTABILITY = YES;
				GCC_C_LANGUAGE_STANDARD = gnu11;
				GCC_DYNAMIC_NO_PIC = NO;
				GCC_NO_COMMON_BLOCKS = YES;
				GCC_OPTIMIZATION_LEVEL = 0;
				GCC_PREPROCESSOR_DEFINITIONS = (
					"DEBUG=1",
					"$(inherited)",
				);
				GCC_WARN_64_TO_32_BIT_CONVERSION = YES;
				GCC_WARN_ABOUT_RETURN_TYPE = YES_ERROR;
				GCC_WARN_UNDECLARED_SELECTOR = YES;
				GCC_WARN_UNINITIALIZED_AUTOS = YES_AGGRESSIVE;
				GCC_WARN_UNUSED_FUNCTION = YES;
				GCC_WARN_UNUSED_VARIABLE = YES;
				IPHONEOS_DEPLOYMENT_TARGET = 12.1;
				MTL_ENABLE_DEBUG_INFO = INCLUDE_SOURCE;
				MTL_FAST_MATH = YES;
				ONLY_ACTIVE_ARCH = YES;
				SDKROOT = iphoneos;
				SWIFT_ACTIVE_COMPILATION_CONDITIONS = DEBUG;
				SWIFT_OPTIMIZATION_LEVEL = "-Onone";
			};
			name = Debug;
		};
		2FE81F262200481100933E1B /* Release */ = {
			isa = XCBuildConfiguration;
			buildSettings = {
				ALWAYS_SEARCH_USER_PATHS = NO;
				CLANG_ANALYZER_NONNULL = YES;
				CLANG_ANALYZER_NUMBER_OBJECT_CONVERSION = YES_AGGRESSIVE;
				CLANG_CXX_LANGUAGE_STANDARD = "gnu++14";
				CLANG_CXX_LIBRARY = "libc++";
				CLANG_ENABLE_MODULES = YES;
				CLANG_ENABLE_OBJC_ARC = YES;
				CLANG_ENABLE_OBJC_WEAK = YES;
				CLANG_WARN_BLOCK_CAPTURE_AUTORELEASING = YES;
				CLANG_WARN_BOOL_CONVERSION = YES;
				CLANG_WARN_COMMA = YES;
				CLANG_WARN_CONSTANT_CONVERSION = YES;
				CLANG_WARN_DEPRECATED_OBJC_IMPLEMENTATIONS = YES;
				CLANG_WARN_DIRECT_OBJC_ISA_USAGE = YES_ERROR;
				CLANG_WARN_DOCUMENTATION_COMMENTS = YES;
				CLANG_WARN_EMPTY_BODY = YES;
				CLANG_WARN_ENUM_CONVERSION = YES;
				CLANG_WARN_INFINITE_RECURSION = YES;
				CLANG_WARN_INT_CONVERSION = YES;
				CLANG_WARN_NON_LITERAL_NULL_CONVERSION = YES;
				CLANG_WARN_OBJC_IMPLICIT_RETAIN_SELF = YES;
				CLANG_WARN_OBJC_LITERAL_CONVERSION = YES;
				CLANG_WARN_OBJC_ROOT_CLASS = YES_ERROR;
				CLANG_WARN_RANGE_LOOP_ANALYSIS = YES;
				CLANG_WARN_STRICT_PROTOTYPES = YES;
				CLANG_WARN_SUSPICIOUS_MOVE = YES;
				CLANG_WARN_UNGUARDED_AVAILABILITY = YES_AGGRESSIVE;
				CLANG_WARN_UNREACHABLE_CODE = YES;
				CLANG_WARN__DUPLICATE_METHOD_MATCH = YES;
				CODE_SIGN_IDENTITY = "iPhone Developer";
				COPY_PHASE_STRIP = NO;
				DEBUG_INFORMATION_FORMAT = "dwarf-with-dsym";
				ENABLE_NS_ASSERTIONS = NO;
				ENABLE_STRICT_OBJC_MSGSEND = YES;
				GCC_C_LANGUAGE_STANDARD = gnu11;
				GCC_NO_COMMON_BLOCKS = YES;
				GCC_WARN_64_TO_32_BIT_CONVERSION = YES;
				GCC_WARN_ABOUT_RETURN_TYPE = YES_ERROR;
				GCC_WARN_UNDECLARED_SELECTOR = YES;
				GCC_WARN_UNINITIALIZED_AUTOS = YES_AGGRESSIVE;
				GCC_WARN_UNUSED_FUNCTION = YES;
				GCC_WARN_UNUSED_VARIABLE = YES;
				IPHONEOS_DEPLOYMENT_TARGET = 12.1;
				MTL_ENABLE_DEBUG_INFO = NO;
				MTL_FAST_MATH = YES;
				SDKROOT = iphoneos;
				SWIFT_COMPILATION_MODE = wholemodule;
				SWIFT_OPTIMIZATION_LEVEL = "-O";
				VALIDATE_PRODUCT = YES;
			};
			name = Release;
		};
		2FE81F282200481100933E1B /* Debug */ = {
			isa = XCBuildConfiguration;
			baseConfigurationReference = E830A2D86CD63956E2C4BE09 /* Pods-CardNumberScanner.debug.xcconfig */;
			buildSettings = {
				ASSETCATALOG_COMPILER_APPICON_NAME = AppIcon;
				CODE_SIGN_STYLE = Automatic;
				DEVELOPMENT_TEAM = KRGCDU34JU;
				INFOPLIST_FILE = CardNumberScanner/Info.plist;
				IPHONEOS_DEPLOYMENT_TARGET = 11.0;
				LD_RUNPATH_SEARCH_PATHS = (
					"$(inherited)",
					"@executable_path/Frameworks",
				);
				PRODUCT_BUNDLE_IDENTIFIER = com.shndrs.CardNumberScanner;
				PRODUCT_NAME = "$(TARGET_NAME)";
				SWIFT_VERSION = 4.2;
				TARGETED_DEVICE_FAMILY = "1,2";
			};
			name = Debug;
		};
		2FE81F292200481100933E1B /* Release */ = {
			isa = XCBuildConfiguration;
			baseConfigurationReference = 5BA57F4E105B373E906A3821 /* Pods-CardNumberScanner.release.xcconfig */;
			buildSettings = {
				ASSETCATALOG_COMPILER_APPICON_NAME = AppIcon;
				CODE_SIGN_STYLE = Automatic;
				DEVELOPMENT_TEAM = KRGCDU34JU;
				INFOPLIST_FILE = CardNumberScanner/Info.plist;
				IPHONEOS_DEPLOYMENT_TARGET = 11.0;
				LD_RUNPATH_SEARCH_PATHS = (
					"$(inherited)",
					"@executable_path/Frameworks",
				);
				PRODUCT_BUNDLE_IDENTIFIER = com.shndrs.CardNumberScanner;
				PRODUCT_NAME = "$(TARGET_NAME)";
				SWIFT_VERSION = 4.2;
				TARGETED_DEVICE_FAMILY = "1,2";
			};
			name = Release;
		};
/* End XCBuildConfiguration section */

/* Begin XCConfigurationList section */
		2FE81F102200480F00933E1B /* Build configuration list for PBXProject "CardNumberScanner" */ = {
			isa = XCConfigurationList;
			buildConfigurations = (
				2FE81F252200481100933E1B /* Debug */,
				2FE81F262200481100933E1B /* Release */,
			);
			defaultConfigurationIsVisible = 0;
			defaultConfigurationName = Release;
		};
		2FE81F272200481100933E1B /* Build configuration list for PBXNativeTarget "CardNumberScanner" */ = {
			isa = XCConfigurationList;
			buildConfigurations = (
				2FE81F282200481100933E1B /* Debug */,
				2FE81F292200481100933E1B /* Release */,
			);
			defaultConfigurationIsVisible = 0;
			defaultConfigurationName = Release;
		};
/* End XCConfigurationList section */
	};
	rootObject = 2FE81F0D2200480F00933E1B /* Project object */;
}
